
Microsoft Visual Studio Solution File, Format Version 12.00
# Visual Studio Version 16
VisualStudioVersion = 16.0.31105.61
MinimumVisualStudioVersion = 10.0.40219.1
Project("{FAE04EC0-301F-11D3-BF4B-00C04F79EFBC}") = "ArticleETLMapping", "ArticleETLMapping\ArticleETLMapping.csproj", "{B0C68D69-30A8-4F58-979A-E8C7E1BF0D1E}"
EndProject
Global
	GlobalSection(SolutionConfigurationPlatforms) = preSolution
		Debug|Any CPU = Debug|Any CPU
		Release|Any CPU = Release|Any CPU
	EndGlobalSection
	GlobalSection(ProjectConfigurationPlatforms) = postSolution
		{B0C68D69-30A8-4F58-979A-E8C7E1BF0D1E}.Debug|Any CPU.ActiveCfg = Debug|Any CPU
		{B0C68D69-30A8-4F58-979A-E8C7E1BF0D1E}.Debug|Any CPU.Build.0 = Debug|Any CPU
		{B0C68D69-30A8-4F58-979A-E8C7E1BF0D1E}.Release|Any CPU.ActiveCfg = Release|Any CPU
		{B0C68D69-30A8-4F58-979A-E8C7E1BF0D1E}.Release|Any CPU.Build.0 = Release|Any CPU
	EndGlobalSection
	GlobalSection(SolutionProperties) = preSolution
		HideSolutionNode = FALSE
	EndGlobalSection
	GlobalSection(ExtensibilityGlobals) = postSolution
		SolutionGuid = {77086125-D014-454D-A0D1-8D0090E46D4B}
	EndGlobalSection
EndGlobal
